
Microsoft Visual Studio Solution File, Format Version 12.00
# Visual Studio Version 16
VisualStudioVersion = 16.0.30907.101
MinimumVisualStudioVersion = 10.0.40219.1
Project("{FAE04EC0-301F-11D3-BF4B-00C04F79EFBC}") = "ListWithinList", "ListWithinList\ListWithinList.csproj", "{5DB8FDC9-4C7E-4F8F-B29F-E7A32C3757E2}"
EndProject
Global
	GlobalSection(SolutionConfigurationPlatforms) = preSolution
		Debug|Any CPU = Debug|Any CPU
		Release|Any CPU = Release|Any CPU
	EndGlobalSection
	GlobalSection(ProjectConfigurationPlatforms) = postSolution
		{5DB8FDC9-4C7E-4F8F-B29F-E7A32C3757E2}.Debug|Any CPU.ActiveCfg = Debug|Any CPU
		{5DB8FDC9-4C7E-4F8F-B29F-E7A32C3757E2}.Debug|Any CPU.Build.0 = Debug|Any CPU
		{5DB8FDC9-4C7E-4F8F-B29F-E7A32C3757E2}.Release|Any CPU.ActiveCfg = Release|Any CPU
		{5DB8FDC9-4C7E-4F8F-B29F-E7A32C3757E2}.Release|Any CPU.Build.0 = Release|Any CPU
	EndGlobalSection
	GlobalSection(SolutionProperties) = preSolution
		HideSolutionNode = FALSE
	EndGlobalSection
	GlobalSection(ExtensibilityGlobals) = postSolution
		SolutionGuid = {EFF95ADA-2B22-46D5-A880-6390DA3B0BB2}
	EndGlobalSection
EndGlobal
